
Microsoft Visual Studio Solution File, Format Version 12.00
# Visual Studio Version 16
VisualStudioVersion = 16.0.29306.81
MinimumVisualStudioVersion = 10.0.40219.1
Project("{FAE04EC0-301F-11D3-BF4B-00C04F79EFBC}") = "StudentDataBase", "StudentDataBase\StudentDataBase.csproj", "{F84CD0CA-2252-4228-B35E-89DC6C44A71B}"
EndProject
Global
	GlobalSection(SolutionConfigurationPlatforms) = preSolution
		Debug|Any CPU = Debug|Any CPU
		Release|Any CPU = Release|Any CPU
	EndGlobalSection
	GlobalSection(ProjectConfigurationPlatforms) = postSolution
		{F84CD0CA-2252-4228-B35E-89DC6C44A71B}.Debug|Any CPU.ActiveCfg = Debug|Any CPU
		{F84CD0CA-2252-4228-B35E-89DC6C44A71B}.Debug|Any CPU.Build.0 = Debug|Any CPU
		{F84CD0CA-2252-4228-B35E-89DC6C44A71B}.Release|Any CPU.ActiveCfg = Release|Any CPU
		{F84CD0CA-2252-4228-B35E-89DC6C44A71B}.Release|Any CPU.Build.0 = Release|Any CPU
	EndGlobalSection
	GlobalSection(SolutionProperties) = preSolution
		HideSolutionNode = FALSE
	EndGlobalSection
	GlobalSection(ExtensibilityGlobals) = postSolution
		SolutionGuid = {EE43047F-8095-4F2A-828C-8A5441BDB82C}
	EndGlobalSection
EndGlobal
